{
	"archiveVersion": "1",
	"classes": {},
	"objectVersion": "54",
	"objects": {
		"1692ECF5-69B3-4132-A71C-0575993EE4A5": {
			"explicitFileType": "sourcecode.c.h",
			"fileEncoding": "4",
			"isa": "PBXFileReference",
			"name": "maxiAtoms.h",
			"path": "../../../addons/ofxMaxim/libs/maxiAtoms.h",
			"sourceTree": "SOURCE_ROOT"
		},
		"191CD6FA2847E21E0085CBB6": {
			"fileEncoding": "4",
			"isa": "PBXFileReference",
			"lastKnownFileType": "text.plist.entitlements",
			"path": "of.entitlements",
			"sourceTree": "<group>"
		},
		"191EF70929D778A400F35F26": {
			"isa": "PBXFileReference",
			"lastKnownFileType": "folder",
			"name": "openFrameworks",
			"path": "../../../libs/openFrameworks",
			"sourceTree": "SOURCE_ROOT"
		},
		"19B789C429E5AB4A0082E9B8": {
			"buildActionMask": "2147483647",
			"files": [],
			"inputFileListPaths": [],
			"inputPaths": [],
			"isa": "PBXShellScriptBuildPhase",
			"outputFileListPaths": [],
			"outputPaths": [],
			"runOnlyForDeploymentPostprocessing": "0",
			"shellPath": "/bin/sh",
			"shellScript": "\"$OF_PATH/scripts/osx/xcode_project.sh\"\n",
			"showEnvVarsInLog": "0"
		},
		"1BDC91D3-FEFB-43C5-9C73-8ABCDFFE43F6": {
			"explicitFileType": "sourcecode.c.h",
			"fileEncoding": "4",
			"isa": "PBXFileReference",
			"name": "maxiBark.h",
			"path": "../../../addons/ofxMaxim/libs/maxiBark.h",
			"sourceTree": "SOURCE_ROOT"
		},
		"1E66FE23-B5FB-4517-82AD-04B0E9D8EBC9": {
			"fileRef": "E75FFAC4-6C26-459B-9325-B1E035C6D6E7",
			"isa": "PBXBuildFile"
		},
		"2CB226B0-3BA6-4F2C-825A-9065FC8E7B5E": {
			"explicitFileType": "sourcecode.cpp.cpp",
			"fileEncoding": "4",
			"isa": "PBXFileReference",
			"name": "maxiBark.cpp",
			"path": "../../../addons/ofxMaxim/libs/maxiBark.cpp",
			"sourceTree": "SOURCE_ROOT"
		},
		"3197EBF7-988A-4674-AEA6-F146EF507EDE": {
			"fileRef": "3F32A851-03CB-4481-9F20-1FFA53CBEC18",
			"isa": "PBXBuildFile"
		},
		"3F32A851-03CB-4481-9F20-1FFA53CBEC18": {
			"explicitFileType": "sourcecode.cpp.cpp",
			"fileEncoding": "4",
			"isa": "PBXFileReference",
			"name": "fft.cpp",
			"path": "../../../addons/ofxMaxim/libs/fft.cpp",
			"sourceTree": "SOURCE_ROOT"
		},
		"41715989-C2AB-4143-B76E-063EA35FE36A": {
			"fileRef": "2CB226B0-3BA6-4F2C-825A-9065FC8E7B5E",
			"isa": "PBXBuildFile"
		},
		"45E69670-5484-44D7-96D8-F1DE17FEF522": {
			"children": [
				"D31704BF-20C7-444D-822B-98BE80E56A87",
				"4BA0EDA0-04EA-4442-AC39-0148330CF6AB"
			],
			"isa": "PBXGroup",
			"name": "ofxMaxim",
			"path": "../../../addons/ofxMaxim",
			"sourceTree": "SOURCE_ROOT"
		},
		"4BA0EDA0-04EA-4442-AC39-0148330CF6AB": {
			"children": [
				"FE52A9DF-E247-448B-8F4E-10AD12854F89"
			],
			"isa": "PBXGroup",
			"name": "src",
			"path": "../../../addons/ofxMaxim/src",
			"sourceTree": "SOURCE_ROOT"
		},
		"57DA2B67-D909-4FA6-A919-A101430E948B": {
			"explicitFileType": "sourcecode.cpp.cpp",
			"fileEncoding": "4",
			"isa": "PBXFileReference",
			"name": "maxiAtoms.cpp",
			"path": "../../../addons/ofxMaxim/libs/maxiAtoms.cpp",
			"sourceTree": "SOURCE_ROOT"
		},
		"59BC27C4-A534-47A7-886E-7C68B797A280": {
			"explicitFileType": "sourcecode.c.h",
			"fileEncoding": "4",
			"isa": "PBXFileReference",
			"name": "maxiFFT.h",
			"path": "../../../addons/ofxMaxim/libs/maxiFFT.h",
			"sourceTree": "SOURCE_ROOT"
		},
		"63826215-A687-48B1-84FE-6CB62015B625": {
			"explicitFileType": "sourcecode.cpp.cpp",
			"fileEncoding": "4",
			"isa": "PBXFileReference",
			"name": "maxiFFT.cpp",
			"path": "../../../addons/ofxMaxim/libs/maxiFFT.cpp",
			"sourceTree": "SOURCE_ROOT"
		},
		"660D7B47-CA01-4D1A-B7F1-FADA8BDA9BFD": {
			"explicitFileType": "sourcecode.cpp.cpp",
			"fileEncoding": "4",
			"isa": "PBXFileReference",
			"name": "maxiGrains.cpp",
			"path": "../../../addons/ofxMaxim/libs/maxiGrains.cpp",
			"sourceTree": "SOURCE_ROOT"
		},
		"6C95CD36-B8E4-4993-9D44-F80E42F14A1F": {
			"explicitFileType": "sourcecode.c.h",
			"fileEncoding": "4",
			"isa": "PBXFileReference",
			"name": "maxiGrains.h",
			"path": "../../../addons/ofxMaxim/libs/maxiGrains.h",
			"sourceTree": "SOURCE_ROOT"
		},
		"6F497B79-EBAE-406C-AD8A-7BB7E0E5047C": {
			"explicitFileType": "sourcecode.c.h",
			"fileEncoding": "4",
			"isa": "PBXFileReference",
			"name": "stb_vorbis.h",
			"path": "../../../addons/ofxMaxim/libs/stb_vorbis.h",
			"sourceTree": "SOURCE_ROOT"
		},
		"7541C5AA-B979-4DCE-A4C6-FC5881B50302": {
			"fileRef": "AEB7EB8A-07EA-4CDC-A030-B2C450630DCD",
			"isa": "PBXBuildFile"
		},
		"7B4DDC67-17CD-4E20-A310-F07B8DE1B4DD": {
			"explicitFileType": "sourcecode.c.h",
			"fileEncoding": "4",
			"isa": "PBXFileReference",
			"name": "maximilian.h",
			"path": "../../../addons/ofxMaxim/libs/maximilian.h",
			"sourceTree": "SOURCE_ROOT"
		},
		"A30E7938-016F-43BF-8AAA-24B078D84AFF": {
			"explicitFileType": "sourcecode.cpp.cpp",
			"fileEncoding": "4",
			"isa": "PBXFileReference",
			"name": "maximilian.cpp",
			"path": "../../../addons/ofxMaxim/libs/maximilian.cpp",
			"sourceTree": "SOURCE_ROOT"
		},
		"ACA4FABD-3394-41C6-8257-6E73E9080871": {
			"fileRef": "A30E7938-016F-43BF-8AAA-24B078D84AFF",
			"isa": "PBXBuildFile"
		},
		"AEB7EB8A-07EA-4CDC-A030-B2C450630DCD": {
			"explicitFileType": "sourcecode.cpp.cpp",
			"fileEncoding": "4",
			"isa": "PBXFileReference",
			"name": "maxiMFCC.cpp",
			"path": "../../../addons/ofxMaxim/libs/maxiMFCC.cpp",
			"sourceTree": "SOURCE_ROOT"
		},
		"BB4B014C10F69532006C3DED": {
			"children": [
				"45E69670-5484-44D7-96D8-F1DE17FEF522"
			],
			"isa": "PBXGroup",
			"name": "addons",
			"path": "../../../addons",
			"sourceTree": "<group>"
		},
		"C64EBA1E-5539-4C8D-99A8-FADE472A88E1": {
			"fileRef": "660D7B47-CA01-4D1A-B7F1-FADA8BDA9BFD",
			"isa": "PBXBuildFile"
		},
		"C6FB364C-3C12-4FF0-B330-66F8DA182EA8": {
			"explicitFileType": "sourcecode.c.h",
			"fileEncoding": "4",
			"isa": "PBXFileReference",
			"name": "maxiMFCC.h",
			"path": "../../../addons/ofxMaxim/libs/maxiMFCC.h",
			"sourceTree": "SOURCE_ROOT"
		},
		"CC424FCE-8EAF-4EB2-93C2-8F690318B640": {
			"explicitFileType": "sourcecode.c.h",
			"fileEncoding": "4",
			"isa": "PBXFileReference",
			"name": "fft.h",
			"path": "../../../addons/ofxMaxim/libs/fft.h",
			"sourceTree": "SOURCE_ROOT"
		},
		"D24C9F45-1AC8-452D-B487-D445D4A8145C": {
			"fileRef": "57DA2B67-D909-4FA6-A919-A101430E948B",
			"isa": "PBXBuildFile"
		},
		"D31704BF-20C7-444D-822B-98BE80E56A87": {
			"children": [
				"3F32A851-03CB-4481-9F20-1FFA53CBEC18",
				"CC424FCE-8EAF-4EB2-93C2-8F690318B640",
				"57DA2B67-D909-4FA6-A919-A101430E948B",
				"1692ECF5-69B3-4132-A71C-0575993EE4A5",
				"2CB226B0-3BA6-4F2C-825A-9065FC8E7B5E",
				"1BDC91D3-FEFB-43C5-9C73-8ABCDFFE43F6",
				"63826215-A687-48B1-84FE-6CB62015B625",
				"59BC27C4-A534-47A7-886E-7C68B797A280",
				"660D7B47-CA01-4D1A-B7F1-FADA8BDA9BFD",
				"6C95CD36-B8E4-4993-9D44-F80E42F14A1F",
				"AEB7EB8A-07EA-4CDC-A030-B2C450630DCD",
				"C6FB364C-3C12-4FF0-B330-66F8DA182EA8",
				"A30E7938-016F-43BF-8AAA-24B078D84AFF",
				"7B4DDC67-17CD-4E20-A310-F07B8DE1B4DD",
				"E1A67B8A-7D4C-453D-9F75-9194EDE29BAB",
				"E75FFAC4-6C26-459B-9325-B1E035C6D6E7",
				"6F497B79-EBAE-406C-AD8A-7BB7E0E5047C"
			],
			"isa": "PBXGroup",
			"name": "libs",
			"path": "../../../addons/ofxMaxim/libs",
			"sourceTree": "SOURCE_ROOT"
		},
		"E1A67B8A-7D4C-453D-9F75-9194EDE29BAB": {
			"explicitFileType": "sourcecode.c.h",
			"fileEncoding": "4",
			"isa": "PBXFileReference",
			"name": "sineTable.h",
			"path": "../../../addons/ofxMaxim/libs/sineTable.h",
			"sourceTree": "SOURCE_ROOT"
		},
		"E42962A92163ECCD00A6A9E2": {
			"alwaysOutOfDate": "1",
			"buildActionMask": "2147483647",
			"files": [],
			"inputPaths": [],
			"isa": "PBXShellScriptBuildPhase",
			"name": "Run Script — Compile OF",
			"outputPaths": [],
			"runOnlyForDeploymentPostprocessing": "0",
			"shellPath": "/bin/sh",
			"shellScript": "echo \"💾 Compiling Openframeworks\"\nxcodebuild -project \"$OF_PATH/libs/openFrameworksCompiled/project/osx/openFrameworksLib.xcodeproj\" -target openFrameworks -configuration \"${CONFIGURATION}\"  CLANG_CXX_LANGUAGE_STANDARD=$CLANG_CXX_LANGUAGE_STANDARD MACOSX_DEPLOYMENT_TARGET=$MACOSX_DEPLOYMENT_TARGET GCC_PREPROCESSOR_DEFINITIONS=$USER_PREPROCESSOR_DEFINITIONS\n",
			"showEnvVarsInLog": "0"
		},
		"E4A5B60F29BAAAE400C2D356": {
			"buildActionMask": "2147483647",
			"dstPath": "",
			"dstSubfolderSpec": "6",
			"files": [],
			"isa": "PBXCopyFilesBuildPhase",
			"runOnlyForDeploymentPostprocessing": "0"
		},
		"E4B69B4A0A3A1720003C02F2": {
			"children": [
				"191CD6FA2847E21E0085CBB6",
				"E4B6FCAD0C3E899E008CF71C",
				"E4EB6923138AFD0F00A09F29",
				"E4B69E1C0A3A1BDC003C02F2",
				"191EF70929D778A400F35F26",
				"BB4B014C10F69532006C3DED",
				"E4B69B5B0A3A1756003C02F2"
			],
			"isa": "PBXGroup",
			"sourceTree": "<group>"
		},
		"E4B69B4C0A3A1720003C02F2": {
			"attributes": {
				"LastUpgradeCheck": "0600"
			},
			"buildConfigurationList": "E4B69B4D0A3A1720003C02F2",
			"compatibilityVersion": "Xcode 3.2",
			"developmentRegion": "en",
			"hasScannedForEncodings": "0",
			"isa": "PBXProject",
			"knownRegions": [
				"en",
				"Base"
			],
			"mainGroup": "E4B69B4A0A3A1720003C02F2",
			"productRefGroup": "E4B69B4A0A3A1720003C02F2",
			"projectDirPath": "",
			"projectRoot": "",
			"targets": [
				"E4B69B5A0A3A1756003C02F2"
			]
		},
		"E4B69B4D0A3A1720003C02F2": {
			"buildConfigurations": [
				"E4B69B4E0A3A1720003C02F2",
				"E4B69B4F0A3A1720003C02F2"
			],
			"defaultConfigurationIsVisible": "0",
			"defaultConfigurationName": "Release",
			"isa": "XCConfigurationList"
		},
		"E4B69B4E0A3A1720003C02F2": {
			"baseConfigurationReference": "E4EB6923138AFD0F00A09F29",
			"buildSettings": {
				"CODE_SIGN_ENTITLEMENTS": "of.entitlements",
				"COPY_PHASE_STRIP": "NO",
				"ENABLE_TESTABILITY": "YES",
				"GCC_OPTIMIZATION_LEVEL": "0",
				"GCC_WARN_UNUSED_VARIABLE": "NO",
				"HEADER_SEARCH_PATHS": [
					"$(OF_CORE_HEADERS)",
					"src"
				],
				"OTHER_CPLUSPLUSFLAGS": "-D__MACOSX_CORE__"
			},
			"isa": "XCBuildConfiguration",
			"name": "Debug"
		},
		"E4B69B4F0A3A1720003C02F2": {
			"baseConfigurationReference": "E4EB6923138AFD0F00A09F29",
			"buildSettings": {
				"CODE_SIGN_ENTITLEMENTS": "of.entitlements",
				"COPY_PHASE_STRIP": "YES",
				"GCC_OPTIMIZATION_LEVEL": "3",
				"GCC_UNROLL_LOOPS": "YES",
				"HEADER_SEARCH_PATHS": [
					"$(OF_CORE_HEADERS)",
					"src"
				],
				"OTHER_CPLUSPLUSFLAGS": "-D__MACOSX_CORE__"
			},
			"isa": "XCBuildConfiguration",
			"name": "Release"
		},
		"E4B69B580A3A1756003C02F2": {
			"buildActionMask": "2147483647",
			"files": [
				"E4B69E200A3A1BDC003C02F2",
				"E4B69E210A3A1BDC003C02F2",
				"3197EBF7-988A-4674-AEA6-F146EF507EDE",
				"D24C9F45-1AC8-452D-B487-D445D4A8145C",
				"41715989-C2AB-4143-B76E-063EA35FE36A",
				"FEA67A29-079B-43C0-95D6-0F102BDD2B21",
				"C64EBA1E-5539-4C8D-99A8-FADE472A88E1",
				"7541C5AA-B979-4DCE-A4C6-FC5881B50302",
				"ACA4FABD-3394-41C6-8257-6E73E9080871",
				"1E66FE23-B5FB-4517-82AD-04B0E9D8EBC9"
			],
			"isa": "PBXSourcesBuildPhase",
			"runOnlyForDeploymentPostprocessing": "0"
		},
		"E4B69B590A3A1756003C02F2": {
			"buildActionMask": "2147483647",
			"files": [],
			"isa": "PBXFrameworksBuildPhase",
			"runOnlyForDeploymentPostprocessing": "0"
		},
		"E4B69B5A0A3A1756003C02F2": {
			"buildConfigurationList": "E4B69B5F0A3A1757003C02F2",
			"buildPhases": [
				"E42962A92163ECCD00A6A9E2",
				"E4B69B580A3A1756003C02F2",
				"E4B69B590A3A1756003C02F2",
				"E4C2427710CC5ABF004149E2",
				"E4A5B60F29BAAAE400C2D356",
				"19B789C429E5AB4A0082E9B8"
			],
			"buildRules": [],
			"dependencies": [],
			"isa": "PBXNativeTarget",
			"name": "footage2",
			"productName": "myOFApp",
			"productReference": "E4B69B5B0A3A1756003C02F2",
			"productType": "com.apple.product-type.application"
		},
		"E4B69B5B0A3A1756003C02F2": {
			"explicitFileType": "wrapper.application",
			"includeInIndex": "0",
			"isa": "PBXFileReference",
			"path": "footage2Debug.app",
			"sourceTree": "BUILT_PRODUCTS_DIR"
		},
		"E4B69B5F0A3A1757003C02F2": {
			"buildConfigurations": [
				"E4B69B600A3A1757003C02F2",
				"E4B69B610A3A1757003C02F2"
			],
			"defaultConfigurationIsVisible": "0",
			"defaultConfigurationName": "Release",
			"isa": "XCConfigurationList"
		},
		"E4B69B600A3A1757003C02F2": {
			"baseConfigurationReference": "E4EB6923138AFD0F00A09F29",
			"buildSettings": {
				"ARCHS": "$(ARCHS_STANDARD)",
				"COPY_PHASE_STRIP": "NO",
				"FRAMEWORK_SEARCH_PATHS": "$(inherited)",
				"GCC_DYNAMIC_NO_PIC": "NO",
				"HEADER_SEARCH_PATHS": [
					"$(OF_CORE_HEADERS)",
					"src",
					"../../../addons/ofxMaxim/libs",
					"../../../addons/ofxMaxim/src"
				],
				"LIBRARY_SEARCH_PATHS": "$(inherited)",
				"OTHER_LDFLAGS": [
					"$(OF_CORE_LIBS)",
					"$(OF_CORE_FRAMEWORKS)",
					"$(LIB_OF_DEBUG)"
				]
			},
			"isa": "XCBuildConfiguration",
			"name": "Debug"
		},
		"E4B69B610A3A1757003C02F2": {
			"baseConfigurationReference": "E4EB6923138AFD0F00A09F29",
			"buildSettings": {
				"ARCHS": "$(ARCHS_STANDARD)",
				"COPY_PHASE_STRIP": "YES",
				"FRAMEWORK_SEARCH_PATHS": "$(inherited)",
				"HEADER_SEARCH_PATHS": [
					"$(OF_CORE_HEADERS)",
					"src",
					"../../../addons/ofxMaxim/libs",
					"../../../addons/ofxMaxim/src"
				],
				"LIBRARY_SEARCH_PATHS": "$(inherited)",
				"OTHER_LDFLAGS": [
					"$(OF_CORE_LIBS)",
					"$(OF_CORE_FRAMEWORKS)",
					"$(LIB_OF)"
				],
				"baseConfigurationReference": "E4EB6923138AFD0F00A09F29"
			},
			"isa": "XCBuildConfiguration",
			"name": "Release"
		},
		"E4B69E1C0A3A1BDC003C02F2": {
			"children": [
				"E4B69E1D0A3A1BDC003C02F2",
				"E4B69E1E0A3A1BDC003C02F2",
				"E4B69E1F0A3A1BDC003C02F2"
			],
			"isa": "PBXGroup",
			"path": "src",
			"sourceTree": "SOURCE_ROOT"
		},
		"E4B69E1D0A3A1BDC003C02F2": {
			"fileEncoding": "4",
			"isa": "PBXFileReference",
			"lastKnownFileType": "sourcecode.cpp.cpp",
			"name": "main.cpp",
			"path": "src/main.cpp",
			"sourceTree": "SOURCE_ROOT"
		},
		"E4B69E1E0A3A1BDC003C02F2": {
			"explicitFileType": "sourcecode.cpp.cpp",
			"fileEncoding": "4",
			"isa": "PBXFileReference",
			"name": "ofApp.cpp",
			"path": "src/ofApp.cpp",
			"sourceTree": "SOURCE_ROOT"
		},
		"E4B69E1F0A3A1BDC003C02F2": {
			"fileEncoding": "4",
			"isa": "PBXFileReference",
			"lastKnownFileType": "sourcecode.c.h",
			"name": "ofApp.h",
			"path": "src/ofApp.h",
			"sourceTree": "SOURCE_ROOT"
		},
		"E4B69E200A3A1BDC003C02F2": {
			"fileRef": "E4B69E1D0A3A1BDC003C02F2",
			"isa": "PBXBuildFile"
		},
		"E4B69E210A3A1BDC003C02F2": {
			"fileRef": "E4B69E1E0A3A1BDC003C02F2",
			"isa": "PBXBuildFile"
		},
		"E4B6FCAD0C3E899E008CF71C": {
			"fileEncoding": "4",
			"isa": "PBXFileReference",
			"lastKnownFileType": "text.plist.xml",
			"path": "openFrameworks-Info.plist",
			"sourceTree": "<group>"
		},
		"E4C2427710CC5ABF004149E2": {
			"buildActionMask": "2147483647",
			"dstPath": "",
			"dstSubfolderSpec": "10",
			"files": [],
			"isa": "PBXCopyFilesBuildPhase",
			"runOnlyForDeploymentPostprocessing": "0"
		},
		"E4EB6923138AFD0F00A09F29": {
			"fileEncoding": "4",
			"isa": "PBXFileReference",
			"lastKnownFileType": "text.xcconfig",
			"path": "Project.xcconfig",
			"sourceTree": "<group>"
		},
		"E75FFAC4-6C26-459B-9325-B1E035C6D6E7": {
			"explicitFileType": "sourcecode.c.c",
			"fileEncoding": "4",
			"isa": "PBXFileReference",
			"name": "stb_vorbis.c",
			"path": "../../../addons/ofxMaxim/libs/stb_vorbis.c",
			"sourceTree": "SOURCE_ROOT"
		},
		"FE52A9DF-E247-448B-8F4E-10AD12854F89": {
			"explicitFileType": "sourcecode.c.h",
			"fileEncoding": "4",
			"isa": "PBXFileReference",
			"name": "ofxMaxim.h",
			"path": "../../../addons/ofxMaxim/src/ofxMaxim.h",
			"sourceTree": "SOURCE_ROOT"
		},
		"FEA67A29-079B-43C0-95D6-0F102BDD2B21": {
			"fileRef": "63826215-A687-48B1-84FE-6CB62015B625",
			"isa": "PBXBuildFile"
		}
	},
	"openFrameworksProjectGeneratorVersion": "21",
	"rootObject": "E4B69B4C0A3A1720003C02F2"
}