{
	"archiveVersion": "1",
	"classes": {},
	"objectVersion": "54",
	"objects": {
		"00B3E542-D088-4C76-8002-AD9E6BBCBDF6": {
			"children": [
				"E833A4B7-F291-4574-B38B-1F1BF014D611"
			],
			"isa": "PBXGroup",
			"name": "src",
			"path": "../../../addons/ofxMaxim/src",
			"sourceTree": "SOURCE_ROOT"
		},
		"04C62458-271D-4E08-A15A-43BB10E258F3": {
			"explicitFileType": "sourcecode.c.h",
			"fileEncoding": "4",
			"isa": "PBXFileReference",
			"name": "sineTable.h",
			"path": "../../../addons/ofxMaxim/libs/sineTable.h",
			"sourceTree": "SOURCE_ROOT"
		},
		"10C6AF23-4C4A-4BF3-B139-0D4D1042B48F": {
			"explicitFileType": "sourcecode.c.h",
			"fileEncoding": "4",
			"isa": "PBXFileReference",
			"name": "maximilian.h",
			"path": "../../../addons/ofxMaxim/libs/maximilian.h",
			"sourceTree": "SOURCE_ROOT"
		},
		"191CD6FA2847E21E0085CBB6": {
			"fileEncoding": "4",
			"isa": "PBXFileReference",
			"lastKnownFileType": "text.plist.entitlements",
			"path": "of.entitlements",
			"sourceTree": "<group>"
		},
		"191EF70929D778A400F35F26": {
			"isa": "PBXFileReference",
			"lastKnownFileType": "folder",
			"name": "openFrameworks",
			"path": "../../../libs/openFrameworks",
			"sourceTree": "SOURCE_ROOT"
		},
		"195F82F1-13C8-4875-AC5A-C8F89A96F70B": {
			"explicitFileType": "sourcecode.c.h",
			"fileEncoding": "4",
			"isa": "PBXFileReference",
			"name": "stb_vorbis.h",
			"path": "../../../addons/ofxMaxim/libs/stb_vorbis.h",
			"sourceTree": "SOURCE_ROOT"
		},
		"19B789C429E5AB4A0082E9B8": {
			"buildActionMask": "2147483647",
			"files": [],
			"inputFileListPaths": [],
			"inputPaths": [],
			"isa": "PBXShellScriptBuildPhase",
			"outputFileListPaths": [],
			"outputPaths": [],
			"runOnlyForDeploymentPostprocessing": "0",
			"shellPath": "/bin/sh",
			"shellScript": "\"$OF_PATH/scripts/osx/xcode_project.sh\"\n",
			"showEnvVarsInLog": "0"
		},
		"29194327-EFD1-4826-9EB2-01B8BB82D519": {
			"explicitFileType": "sourcecode.cpp.cpp",
			"fileEncoding": "4",
			"isa": "PBXFileReference",
			"name": "maxiBark.cpp",
			"path": "../../../addons/ofxMaxim/libs/maxiBark.cpp",
			"sourceTree": "SOURCE_ROOT"
		},
		"341D55EE-3F25-43AC-B638-B35056B43C67": {
			"fileRef": "9D208ED1-2664-4DF5-B0CC-62CA1E61CC38",
			"isa": "PBXBuildFile"
		},
		"3CFB3EB4-1112-495A-8AB5-9223F0D7C654": {
			"explicitFileType": "sourcecode.c.h",
			"fileEncoding": "4",
			"isa": "PBXFileReference",
			"name": "maxiBark.h",
			"path": "../../../addons/ofxMaxim/libs/maxiBark.h",
			"sourceTree": "SOURCE_ROOT"
		},
		"3F6FB587-CF73-4F27-8AF3-B1FD67FB57C7": {
			"explicitFileType": "sourcecode.c.h",
			"fileEncoding": "4",
			"isa": "PBXFileReference",
			"name": "maxiAtoms.h",
			"path": "../../../addons/ofxMaxim/libs/maxiAtoms.h",
			"sourceTree": "SOURCE_ROOT"
		},
		"4767273D-F47A-4AD0-B9B3-3C3A9A2525FB": {
			"fileRef": "E45A76E5-63D6-43CE-AE90-91D7BC7CF65A",
			"isa": "PBXBuildFile"
		},
		"52C7ABF1-C480-4725-8539-655A988E1537": {
			"explicitFileType": "sourcecode.cpp.cpp",
			"fileEncoding": "4",
			"isa": "PBXFileReference",
			"name": "maxiGrains.cpp",
			"path": "../../../addons/ofxMaxim/libs/maxiGrains.cpp",
			"sourceTree": "SOURCE_ROOT"
		},
		"544236AE-EF3E-41F7-AE2D-43154A4E795B": {
			"explicitFileType": "sourcecode.c.h",
			"fileEncoding": "4",
			"isa": "PBXFileReference",
			"name": "fft.h",
			"path": "../../../addons/ofxMaxim/libs/fft.h",
			"sourceTree": "SOURCE_ROOT"
		},
		"5520F00C-6952-4849-8EFC-2E9C5AE62FF9": {
			"explicitFileType": "sourcecode.c.h",
			"fileEncoding": "4",
			"isa": "PBXFileReference",
			"name": "maxiGrains.h",
			"path": "../../../addons/ofxMaxim/libs/maxiGrains.h",
			"sourceTree": "SOURCE_ROOT"
		},
		"5F61A048-5313-41AD-ADC1-C922C1500C7C": {
			"explicitFileType": "sourcecode.cpp.cpp",
			"fileEncoding": "4",
			"isa": "PBXFileReference",
			"name": "maximilian.cpp",
			"path": "../../../addons/ofxMaxim/libs/maximilian.cpp",
			"sourceTree": "SOURCE_ROOT"
		},
		"639D19BE-2FA4-44E2-9DB1-96DBC5F71637": {
			"fileRef": "CD69E6FC-DFB6-4D0C-95D5-8A22CC3E2521",
			"isa": "PBXBuildFile"
		},
		"667B47C8-07E5-497F-ADE1-9A542D9E1AE2": {
			"explicitFileType": "sourcecode.c.h",
			"fileEncoding": "4",
			"isa": "PBXFileReference",
			"name": "maxiFFT.h",
			"path": "../../../addons/ofxMaxim/libs/maxiFFT.h",
			"sourceTree": "SOURCE_ROOT"
		},
		"69A01E4F-6DD3-4614-8500-074CE7F253FC": {
			"fileRef": "984479A5-5BAC-4C85-8320-35E0499A4F6D",
			"isa": "PBXBuildFile"
		},
		"8A0C6900-0798-41B6-BC63-68993BD088C4": {
			"fileRef": "29194327-EFD1-4826-9EB2-01B8BB82D519",
			"isa": "PBXBuildFile"
		},
		"92BB875B-461D-4A4D-A5A8-EE9A483DF36D": {
			"explicitFileType": "sourcecode.c.h",
			"fileEncoding": "4",
			"isa": "PBXFileReference",
			"name": "maxiMFCC.h",
			"path": "../../../addons/ofxMaxim/libs/maxiMFCC.h",
			"sourceTree": "SOURCE_ROOT"
		},
		"984479A5-5BAC-4C85-8320-35E0499A4F6D": {
			"explicitFileType": "sourcecode.cpp.cpp",
			"fileEncoding": "4",
			"isa": "PBXFileReference",
			"name": "maxiMFCC.cpp",
			"path": "../../../addons/ofxMaxim/libs/maxiMFCC.cpp",
			"sourceTree": "SOURCE_ROOT"
		},
		"9D208ED1-2664-4DF5-B0CC-62CA1E61CC38": {
			"explicitFileType": "sourcecode.c.c",
			"fileEncoding": "4",
			"isa": "PBXFileReference",
			"name": "stb_vorbis.c",
			"path": "../../../addons/ofxMaxim/libs/stb_vorbis.c",
			"sourceTree": "SOURCE_ROOT"
		},
		"A73F9349-44DC-42F5-9697-A5C35602A52A": {
			"fileRef": "E989E35F-9530-4EF8-BD32-7C0F774FC390",
			"isa": "PBXBuildFile"
		},
		"BB4B014C10F69532006C3DED": {
			"children": [
				"C27DEDF4-05F1-4951-87FB-760FD61CAD42"
			],
			"isa": "PBXGroup",
			"name": "addons",
			"path": "../../../addons",
			"sourceTree": "<group>"
		},
		"C27DEDF4-05F1-4951-87FB-760FD61CAD42": {
			"children": [
				"C6D936DA-8E46-4F98-928F-2282FFA086FB",
				"00B3E542-D088-4C76-8002-AD9E6BBCBDF6"
			],
			"isa": "PBXGroup",
			"name": "ofxMaxim",
			"path": "../../../addons/ofxMaxim",
			"sourceTree": "SOURCE_ROOT"
		},
		"C6D936DA-8E46-4F98-928F-2282FFA086FB": {
			"children": [
				"E45A76E5-63D6-43CE-AE90-91D7BC7CF65A",
				"544236AE-EF3E-41F7-AE2D-43154A4E795B",
				"CD69E6FC-DFB6-4D0C-95D5-8A22CC3E2521",
				"3F6FB587-CF73-4F27-8AF3-B1FD67FB57C7",
				"29194327-EFD1-4826-9EB2-01B8BB82D519",
				"3CFB3EB4-1112-495A-8AB5-9223F0D7C654",
				"E989E35F-9530-4EF8-BD32-7C0F774FC390",
				"667B47C8-07E5-497F-ADE1-9A542D9E1AE2",
				"52C7ABF1-C480-4725-8539-655A988E1537",
				"5520F00C-6952-4849-8EFC-2E9C5AE62FF9",
				"984479A5-5BAC-4C85-8320-35E0499A4F6D",
				"92BB875B-461D-4A4D-A5A8-EE9A483DF36D",
				"5F61A048-5313-41AD-ADC1-C922C1500C7C",
				"10C6AF23-4C4A-4BF3-B139-0D4D1042B48F",
				"04C62458-271D-4E08-A15A-43BB10E258F3",
				"9D208ED1-2664-4DF5-B0CC-62CA1E61CC38",
				"195F82F1-13C8-4875-AC5A-C8F89A96F70B"
			],
			"isa": "PBXGroup",
			"name": "libs",
			"path": "../../../addons/ofxMaxim/libs",
			"sourceTree": "SOURCE_ROOT"
		},
		"CD69E6FC-DFB6-4D0C-95D5-8A22CC3E2521": {
			"explicitFileType": "sourcecode.cpp.cpp",
			"fileEncoding": "4",
			"isa": "PBXFileReference",
			"name": "maxiAtoms.cpp",
			"path": "../../../addons/ofxMaxim/libs/maxiAtoms.cpp",
			"sourceTree": "SOURCE_ROOT"
		},
		"E3591F0E-0A4C-437B-B1A6-8F215016C4BC": {
			"fileRef": "5F61A048-5313-41AD-ADC1-C922C1500C7C",
			"isa": "PBXBuildFile"
		},
		"E42962A92163ECCD00A6A9E2": {
			"alwaysOutOfDate": "1",
			"buildActionMask": "2147483647",
			"files": [],
			"inputPaths": [],
			"isa": "PBXShellScriptBuildPhase",
			"name": "Run Script — Compile OF",
			"outputPaths": [],
			"runOnlyForDeploymentPostprocessing": "0",
			"shellPath": "/bin/sh",
			"shellScript": "echo \"💾 Compiling Openframeworks\"\nxcodebuild -project \"$OF_PATH/libs/openFrameworksCompiled/project/osx/openFrameworksLib.xcodeproj\" -target openFrameworks -configuration \"${CONFIGURATION}\"  CLANG_CXX_LANGUAGE_STANDARD=$CLANG_CXX_LANGUAGE_STANDARD MACOSX_DEPLOYMENT_TARGET=$MACOSX_DEPLOYMENT_TARGET GCC_PREPROCESSOR_DEFINITIONS=$USER_PREPROCESSOR_DEFINITIONS\n",
			"showEnvVarsInLog": "0"
		},
		"E45A76E5-63D6-43CE-AE90-91D7BC7CF65A": {
			"explicitFileType": "sourcecode.cpp.cpp",
			"fileEncoding": "4",
			"isa": "PBXFileReference",
			"name": "fft.cpp",
			"path": "../../../addons/ofxMaxim/libs/fft.cpp",
			"sourceTree": "SOURCE_ROOT"
		},
		"E4A5B60F29BAAAE400C2D356": {
			"buildActionMask": "2147483647",
			"dstPath": "",
			"dstSubfolderSpec": "6",
			"files": [],
			"isa": "PBXCopyFilesBuildPhase",
			"runOnlyForDeploymentPostprocessing": "0"
		},
		"E4B69B4A0A3A1720003C02F2": {
			"children": [
				"191CD6FA2847E21E0085CBB6",
				"E4B6FCAD0C3E899E008CF71C",
				"E4EB6923138AFD0F00A09F29",
				"E4B69E1C0A3A1BDC003C02F2",
				"191EF70929D778A400F35F26",
				"BB4B014C10F69532006C3DED",
				"E4B69B5B0A3A1756003C02F2"
			],
			"isa": "PBXGroup",
			"sourceTree": "<group>"
		},
		"E4B69B4C0A3A1720003C02F2": {
			"attributes": {
				"LastUpgradeCheck": "0600"
			},
			"buildConfigurationList": "E4B69B4D0A3A1720003C02F2",
			"compatibilityVersion": "Xcode 3.2",
			"developmentRegion": "en",
			"hasScannedForEncodings": "0",
			"isa": "PBXProject",
			"knownRegions": [
				"en",
				"Base"
			],
			"mainGroup": "E4B69B4A0A3A1720003C02F2",
			"productRefGroup": "E4B69B4A0A3A1720003C02F2",
			"projectDirPath": "",
			"projectRoot": "",
			"targets": [
				"E4B69B5A0A3A1756003C02F2"
			]
		},
		"E4B69B4D0A3A1720003C02F2": {
			"buildConfigurations": [
				"E4B69B4E0A3A1720003C02F2",
				"E4B69B4F0A3A1720003C02F2"
			],
			"defaultConfigurationIsVisible": "0",
			"defaultConfigurationName": "Release",
			"isa": "XCConfigurationList"
		},
		"E4B69B4E0A3A1720003C02F2": {
			"baseConfigurationReference": "E4EB6923138AFD0F00A09F29",
			"buildSettings": {
				"CODE_SIGN_ENTITLEMENTS": "of.entitlements",
				"COPY_PHASE_STRIP": "NO",
				"ENABLE_TESTABILITY": "YES",
				"GCC_OPTIMIZATION_LEVEL": "0",
				"GCC_WARN_UNUSED_VARIABLE": "NO",
				"HEADER_SEARCH_PATHS": [
					"$(OF_CORE_HEADERS)",
					"src"
				],
				"OTHER_CPLUSPLUSFLAGS": "-D__MACOSX_CORE__"
			},
			"isa": "XCBuildConfiguration",
			"name": "Debug"
		},
		"E4B69B4F0A3A1720003C02F2": {
			"baseConfigurationReference": "E4EB6923138AFD0F00A09F29",
			"buildSettings": {
				"CODE_SIGN_ENTITLEMENTS": "of.entitlements",
				"COPY_PHASE_STRIP": "YES",
				"GCC_OPTIMIZATION_LEVEL": "3",
				"GCC_UNROLL_LOOPS": "YES",
				"HEADER_SEARCH_PATHS": [
					"$(OF_CORE_HEADERS)",
					"src"
				],
				"OTHER_CPLUSPLUSFLAGS": "-D__MACOSX_CORE__"
			},
			"isa": "XCBuildConfiguration",
			"name": "Release"
		},
		"E4B69B580A3A1756003C02F2": {
			"buildActionMask": "2147483647",
			"files": [
				"E4B69E200A3A1BDC003C02F2",
				"E4B69E210A3A1BDC003C02F2",
				"4767273D-F47A-4AD0-B9B3-3C3A9A2525FB",
				"639D19BE-2FA4-44E2-9DB1-96DBC5F71637",
				"8A0C6900-0798-41B6-BC63-68993BD088C4",
				"A73F9349-44DC-42F5-9697-A5C35602A52A",
				"FA66D421-C480-40F7-9E99-A1598C61DF58",
				"69A01E4F-6DD3-4614-8500-074CE7F253FC",
				"E3591F0E-0A4C-437B-B1A6-8F215016C4BC",
				"341D55EE-3F25-43AC-B638-B35056B43C67"
			],
			"isa": "PBXSourcesBuildPhase",
			"runOnlyForDeploymentPostprocessing": "0"
		},
		"E4B69B590A3A1756003C02F2": {
			"buildActionMask": "2147483647",
			"files": [],
			"isa": "PBXFrameworksBuildPhase",
			"runOnlyForDeploymentPostprocessing": "0"
		},
		"E4B69B5A0A3A1756003C02F2": {
			"buildConfigurationList": "E4B69B5F0A3A1757003C02F2",
			"buildPhases": [
				"E42962A92163ECCD00A6A9E2",
				"E4B69B580A3A1756003C02F2",
				"E4B69B590A3A1756003C02F2",
				"E4C2427710CC5ABF004149E2",
				"E4A5B60F29BAAAE400C2D356",
				"19B789C429E5AB4A0082E9B8"
			],
			"buildRules": [],
			"dependencies": [],
			"isa": "PBXNativeTarget",
			"name": "footage4",
			"productName": "myOFApp",
			"productReference": "E4B69B5B0A3A1756003C02F2",
			"productType": "com.apple.product-type.application"
		},
		"E4B69B5B0A3A1756003C02F2": {
			"explicitFileType": "wrapper.application",
			"includeInIndex": "0",
			"isa": "PBXFileReference",
			"path": "footage4Debug.app",
			"sourceTree": "BUILT_PRODUCTS_DIR"
		},
		"E4B69B5F0A3A1757003C02F2": {
			"buildConfigurations": [
				"E4B69B600A3A1757003C02F2",
				"E4B69B610A3A1757003C02F2"
			],
			"defaultConfigurationIsVisible": "0",
			"defaultConfigurationName": "Release",
			"isa": "XCConfigurationList"
		},
		"E4B69B600A3A1757003C02F2": {
			"baseConfigurationReference": "E4EB6923138AFD0F00A09F29",
			"buildSettings": {
				"ARCHS": "$(ARCHS_STANDARD)",
				"COPY_PHASE_STRIP": "NO",
				"FRAMEWORK_SEARCH_PATHS": "$(inherited)",
				"GCC_DYNAMIC_NO_PIC": "NO",
				"HEADER_SEARCH_PATHS": [
					"$(OF_CORE_HEADERS)",
					"src",
					"src",
					"../../../addons/ofxMaxim/libs",
					"../../../addons/ofxMaxim/src"
				],
				"LIBRARY_SEARCH_PATHS": "$(inherited)",
				"OTHER_LDFLAGS": [
					"$(OF_CORE_LIBS)",
					"$(OF_CORE_FRAMEWORKS)",
					"$(LIB_OF_DEBUG)"
				]
			},
			"isa": "XCBuildConfiguration",
			"name": "Debug"
		},
		"E4B69B610A3A1757003C02F2": {
			"baseConfigurationReference": "E4EB6923138AFD0F00A09F29",
			"buildSettings": {
				"ARCHS": "$(ARCHS_STANDARD)",
				"COPY_PHASE_STRIP": "YES",
				"FRAMEWORK_SEARCH_PATHS": "$(inherited)",
				"HEADER_SEARCH_PATHS": [
					"$(OF_CORE_HEADERS)",
					"src",
					"src",
					"../../../addons/ofxMaxim/libs",
					"../../../addons/ofxMaxim/src"
				],
				"LIBRARY_SEARCH_PATHS": "$(inherited)",
				"OTHER_LDFLAGS": [
					"$(OF_CORE_LIBS)",
					"$(OF_CORE_FRAMEWORKS)",
					"$(LIB_OF)"
				],
				"baseConfigurationReference": "E4EB6923138AFD0F00A09F29"
			},
			"isa": "XCBuildConfiguration",
			"name": "Release"
		},
		"E4B69E1C0A3A1BDC003C02F2": {
			"children": [
				"E4B69E1D0A3A1BDC003C02F2",
				"E4B69E1E0A3A1BDC003C02F2",
				"E4B69E1F0A3A1BDC003C02F2"
			],
			"isa": "PBXGroup",
			"path": "src",
			"sourceTree": "SOURCE_ROOT"
		},
		"E4B69E1D0A3A1BDC003C02F2": {
			"fileEncoding": "4",
			"isa": "PBXFileReference",
			"lastKnownFileType": "sourcecode.cpp.cpp",
			"name": "main.cpp",
			"path": "src/main.cpp",
			"sourceTree": "SOURCE_ROOT"
		},
		"E4B69E1E0A3A1BDC003C02F2": {
			"explicitFileType": "sourcecode.cpp.cpp",
			"fileEncoding": "4",
			"isa": "PBXFileReference",
			"name": "ofApp.cpp",
			"path": "src/ofApp.cpp",
			"sourceTree": "SOURCE_ROOT"
		},
		"E4B69E1F0A3A1BDC003C02F2": {
			"fileEncoding": "4",
			"isa": "PBXFileReference",
			"lastKnownFileType": "sourcecode.c.h",
			"name": "ofApp.h",
			"path": "src/ofApp.h",
			"sourceTree": "SOURCE_ROOT"
		},
		"E4B69E200A3A1BDC003C02F2": {
			"fileRef": "E4B69E1D0A3A1BDC003C02F2",
			"isa": "PBXBuildFile"
		},
		"E4B69E210A3A1BDC003C02F2": {
			"fileRef": "E4B69E1E0A3A1BDC003C02F2",
			"isa": "PBXBuildFile"
		},
		"E4B6FCAD0C3E899E008CF71C": {
			"fileEncoding": "4",
			"isa": "PBXFileReference",
			"lastKnownFileType": "text.plist.xml",
			"path": "openFrameworks-Info.plist",
			"sourceTree": "<group>"
		},
		"E4C2427710CC5ABF004149E2": {
			"buildActionMask": "2147483647",
			"dstPath": "",
			"dstSubfolderSpec": "10",
			"files": [],
			"isa": "PBXCopyFilesBuildPhase",
			"runOnlyForDeploymentPostprocessing": "0"
		},
		"E4EB6923138AFD0F00A09F29": {
			"fileEncoding": "4",
			"isa": "PBXFileReference",
			"lastKnownFileType": "text.xcconfig",
			"path": "Project.xcconfig",
			"sourceTree": "<group>"
		},
		"E833A4B7-F291-4574-B38B-1F1BF014D611": {
			"explicitFileType": "sourcecode.c.h",
			"fileEncoding": "4",
			"isa": "PBXFileReference",
			"name": "ofxMaxim.h",
			"path": "../../../addons/ofxMaxim/src/ofxMaxim.h",
			"sourceTree": "SOURCE_ROOT"
		},
		"E989E35F-9530-4EF8-BD32-7C0F774FC390": {
			"explicitFileType": "sourcecode.cpp.cpp",
			"fileEncoding": "4",
			"isa": "PBXFileReference",
			"name": "maxiFFT.cpp",
			"path": "../../../addons/ofxMaxim/libs/maxiFFT.cpp",
			"sourceTree": "SOURCE_ROOT"
		},
		"FA66D421-C480-40F7-9E99-A1598C61DF58": {
			"fileRef": "52C7ABF1-C480-4725-8539-655A988E1537",
			"isa": "PBXBuildFile"
		}
	},
	"openFrameworksProjectGeneratorVersion": "21",
	"rootObject": "E4B69B4C0A3A1720003C02F2"
}