{
	"archiveVersion": "1",
	"classes": {},
	"objectVersion": "54",
	"objects": {
		"09701CC5-1B2F-4CAE-94D9-C84811401040": {
			"explicitFileType": "sourcecode.c.h",
			"fileEncoding": "4",
			"isa": "PBXFileReference",
			"name": "maxiAtoms.h",
			"path": "../../../addons/ofxMaxim/libs/maxiAtoms.h",
			"sourceTree": "SOURCE_ROOT"
		},
		"191CD6FA2847E21E0085CBB6": {
			"fileEncoding": "4",
			"isa": "PBXFileReference",
			"lastKnownFileType": "text.plist.entitlements",
			"path": "of.entitlements",
			"sourceTree": "<group>"
		},
		"191EF70929D778A400F35F26": {
			"isa": "PBXFileReference",
			"lastKnownFileType": "folder",
			"name": "openFrameworks",
			"path": "../../../libs/openFrameworks",
			"sourceTree": "SOURCE_ROOT"
		},
		"19B789C429E5AB4A0082E9B8": {
			"buildActionMask": "2147483647",
			"files": [],
			"inputFileListPaths": [],
			"inputPaths": [],
			"isa": "PBXShellScriptBuildPhase",
			"outputFileListPaths": [],
			"outputPaths": [],
			"runOnlyForDeploymentPostprocessing": "0",
			"shellPath": "/bin/sh",
			"shellScript": "\"$OF_PATH/scripts/osx/xcode_project.sh\"\n",
			"showEnvVarsInLog": "0"
		},
		"20A63CB6-0E9E-45BD-9BBC-6B4977ABD1D5": {
			"explicitFileType": "sourcecode.c.h",
			"fileEncoding": "4",
			"isa": "PBXFileReference",
			"name": "maximilian.h",
			"path": "../../../addons/ofxMaxim/libs/maximilian.h",
			"sourceTree": "SOURCE_ROOT"
		},
		"24A7525C-1CA8-420D-8C67-045281EB3DD4": {
			"explicitFileType": "sourcecode.c.h",
			"fileEncoding": "4",
			"isa": "PBXFileReference",
			"name": "stb_vorbis.h",
			"path": "../../../addons/ofxMaxim/libs/stb_vorbis.h",
			"sourceTree": "SOURCE_ROOT"
		},
		"26E4ED04-E092-425A-9A62-107AC9A372B6": {
			"fileRef": "894EB961-C5BA-45F2-8ACE-91B9A910127C",
			"isa": "PBXBuildFile"
		},
		"396D2D06-A295-4CA8-A99C-34699D8F88F1": {
			"fileRef": "4D63AC4F-254C-425A-AA49-0611269901AE",
			"isa": "PBXBuildFile"
		},
		"39F78129-D3F6-4029-8973-DE0FAF0AA9B4": {
			"fileRef": "3AB699E1-0683-4C85-A3DF-17D843375665",
			"isa": "PBXBuildFile"
		},
		"3AB699E1-0683-4C85-A3DF-17D843375665": {
			"explicitFileType": "sourcecode.cpp.cpp",
			"fileEncoding": "4",
			"isa": "PBXFileReference",
			"name": "fft.cpp",
			"path": "../../../addons/ofxMaxim/libs/fft.cpp",
			"sourceTree": "SOURCE_ROOT"
		},
		"3D3F2FBA-A46C-4488-A1A1-17E16533A5FF": {
			"explicitFileType": "sourcecode.c.h",
			"fileEncoding": "4",
			"isa": "PBXFileReference",
			"name": "maxiBark.h",
			"path": "../../../addons/ofxMaxim/libs/maxiBark.h",
			"sourceTree": "SOURCE_ROOT"
		},
		"4D63AC4F-254C-425A-AA49-0611269901AE": {
			"explicitFileType": "sourcecode.cpp.cpp",
			"fileEncoding": "4",
			"isa": "PBXFileReference",
			"name": "maximilian.cpp",
			"path": "../../../addons/ofxMaxim/libs/maximilian.cpp",
			"sourceTree": "SOURCE_ROOT"
		},
		"6FED8AAD-7F01-4888-B1EE-7767AE53B7CA": {
			"fileRef": "BA79C6D9-454B-49BF-BCE0-2B70D3A4E0E8",
			"isa": "PBXBuildFile"
		},
		"73CE435E-6412-4F89-B0D6-DE9C5589796B": {
			"explicitFileType": "sourcecode.c.h",
			"fileEncoding": "4",
			"isa": "PBXFileReference",
			"name": "maxiGrains.h",
			"path": "../../../addons/ofxMaxim/libs/maxiGrains.h",
			"sourceTree": "SOURCE_ROOT"
		},
		"76748AE4-3B2E-4F00-B9AA-3FB4181B9EB8": {
			"explicitFileType": "sourcecode.c.h",
			"fileEncoding": "4",
			"isa": "PBXFileReference",
			"name": "sineTable.h",
			"path": "../../../addons/ofxMaxim/libs/sineTable.h",
			"sourceTree": "SOURCE_ROOT"
		},
		"852FD175-FB36-4B9A-A7A7-86518CDDF96C": {
			"explicitFileType": "sourcecode.c.h",
			"fileEncoding": "4",
			"isa": "PBXFileReference",
			"name": "maxiFFT.h",
			"path": "../../../addons/ofxMaxim/libs/maxiFFT.h",
			"sourceTree": "SOURCE_ROOT"
		},
		"8531F2DD-D131-41A8-9C62-FBA78F61874B": {
			"children": [
				"3AB699E1-0683-4C85-A3DF-17D843375665",
				"EC881B83-1D84-46EF-86B0-B7132DBE8709",
				"99675A6C-E280-4AF6-A353-DF9197F293F2",
				"09701CC5-1B2F-4CAE-94D9-C84811401040",
				"894EB961-C5BA-45F2-8ACE-91B9A910127C",
				"3D3F2FBA-A46C-4488-A1A1-17E16533A5FF",
				"BA79C6D9-454B-49BF-BCE0-2B70D3A4E0E8",
				"852FD175-FB36-4B9A-A7A7-86518CDDF96C",
				"BFB184FD-8320-4A63-BA91-AE27707D8BCB",
				"73CE435E-6412-4F89-B0D6-DE9C5589796B",
				"EB086BBC-C6D7-4379-9390-9D7A857FE7EF",
				"9B6F919D-DE1A-40EB-B195-ACE716A52157",
				"4D63AC4F-254C-425A-AA49-0611269901AE",
				"20A63CB6-0E9E-45BD-9BBC-6B4977ABD1D5",
				"76748AE4-3B2E-4F00-B9AA-3FB4181B9EB8",
				"9C240482-9474-4487-BAAA-3E8F0E731820",
				"24A7525C-1CA8-420D-8C67-045281EB3DD4"
			],
			"isa": "PBXGroup",
			"name": "libs",
			"path": "../../../addons/ofxMaxim/libs",
			"sourceTree": "SOURCE_ROOT"
		},
		"894EB961-C5BA-45F2-8ACE-91B9A910127C": {
			"explicitFileType": "sourcecode.cpp.cpp",
			"fileEncoding": "4",
			"isa": "PBXFileReference",
			"name": "maxiBark.cpp",
			"path": "../../../addons/ofxMaxim/libs/maxiBark.cpp",
			"sourceTree": "SOURCE_ROOT"
		},
		"91F594D8-01BE-47CC-A765-7014A89CAD4C": {
			"fileRef": "9C240482-9474-4487-BAAA-3E8F0E731820",
			"isa": "PBXBuildFile"
		},
		"9472F4E3-6A06-4780-863B-B6ACF95B6109": {
			"fileRef": "99675A6C-E280-4AF6-A353-DF9197F293F2",
			"isa": "PBXBuildFile"
		},
		"99675A6C-E280-4AF6-A353-DF9197F293F2": {
			"explicitFileType": "sourcecode.cpp.cpp",
			"fileEncoding": "4",
			"isa": "PBXFileReference",
			"name": "maxiAtoms.cpp",
			"path": "../../../addons/ofxMaxim/libs/maxiAtoms.cpp",
			"sourceTree": "SOURCE_ROOT"
		},
		"9B6F919D-DE1A-40EB-B195-ACE716A52157": {
			"explicitFileType": "sourcecode.c.h",
			"fileEncoding": "4",
			"isa": "PBXFileReference",
			"name": "maxiMFCC.h",
			"path": "../../../addons/ofxMaxim/libs/maxiMFCC.h",
			"sourceTree": "SOURCE_ROOT"
		},
		"9BCC6BA2-EF7C-4F38-A85D-BD7AB330235E": {
			"fileRef": "BFB184FD-8320-4A63-BA91-AE27707D8BCB",
			"isa": "PBXBuildFile"
		},
		"9C240482-9474-4487-BAAA-3E8F0E731820": {
			"explicitFileType": "sourcecode.c.c",
			"fileEncoding": "4",
			"isa": "PBXFileReference",
			"name": "stb_vorbis.c",
			"path": "../../../addons/ofxMaxim/libs/stb_vorbis.c",
			"sourceTree": "SOURCE_ROOT"
		},
		"A071726F-A4B6-4662-8E56-4622AE8B66B2": {
			"children": [
				"D25C8365-4A71-46E4-A170-0CD091ED2461"
			],
			"isa": "PBXGroup",
			"name": "src",
			"path": "../../../addons/ofxMaxim/src",
			"sourceTree": "SOURCE_ROOT"
		},
		"B0BED765-838A-47FA-A0D4-A8822F9620B8": {
			"children": [
				"8531F2DD-D131-41A8-9C62-FBA78F61874B",
				"A071726F-A4B6-4662-8E56-4622AE8B66B2"
			],
			"isa": "PBXGroup",
			"name": "ofxMaxim",
			"path": "../../../addons/ofxMaxim",
			"sourceTree": "SOURCE_ROOT"
		},
		"BA79C6D9-454B-49BF-BCE0-2B70D3A4E0E8": {
			"explicitFileType": "sourcecode.cpp.cpp",
			"fileEncoding": "4",
			"isa": "PBXFileReference",
			"name": "maxiFFT.cpp",
			"path": "../../../addons/ofxMaxim/libs/maxiFFT.cpp",
			"sourceTree": "SOURCE_ROOT"
		},
		"BB4B014C10F69532006C3DED": {
			"children": [
				"B0BED765-838A-47FA-A0D4-A8822F9620B8"
			],
			"isa": "PBXGroup",
			"name": "addons",
			"path": "../../../addons",
			"sourceTree": "<group>"
		},
		"BFB184FD-8320-4A63-BA91-AE27707D8BCB": {
			"explicitFileType": "sourcecode.cpp.cpp",
			"fileEncoding": "4",
			"isa": "PBXFileReference",
			"name": "maxiGrains.cpp",
			"path": "../../../addons/ofxMaxim/libs/maxiGrains.cpp",
			"sourceTree": "SOURCE_ROOT"
		},
		"D25C8365-4A71-46E4-A170-0CD091ED2461": {
			"explicitFileType": "sourcecode.c.h",
			"fileEncoding": "4",
			"isa": "PBXFileReference",
			"name": "ofxMaxim.h",
			"path": "../../../addons/ofxMaxim/src/ofxMaxim.h",
			"sourceTree": "SOURCE_ROOT"
		},
		"E42962A92163ECCD00A6A9E2": {
			"alwaysOutOfDate": "1",
			"buildActionMask": "2147483647",
			"files": [],
			"inputPaths": [],
			"isa": "PBXShellScriptBuildPhase",
			"name": "Run Script — Compile OF",
			"outputPaths": [],
			"runOnlyForDeploymentPostprocessing": "0",
			"shellPath": "/bin/sh",
			"shellScript": "echo \"💾 Compiling Openframeworks\"\nxcodebuild -project \"$OF_PATH/libs/openFrameworksCompiled/project/osx/openFrameworksLib.xcodeproj\" -target openFrameworks -configuration \"${CONFIGURATION}\"  CLANG_CXX_LANGUAGE_STANDARD=$CLANG_CXX_LANGUAGE_STANDARD MACOSX_DEPLOYMENT_TARGET=$MACOSX_DEPLOYMENT_TARGET GCC_PREPROCESSOR_DEFINITIONS=$USER_PREPROCESSOR_DEFINITIONS\n",
			"showEnvVarsInLog": "0"
		},
		"E4A5B60F29BAAAE400C2D356": {
			"buildActionMask": "2147483647",
			"dstPath": "",
			"dstSubfolderSpec": "6",
			"files": [],
			"isa": "PBXCopyFilesBuildPhase",
			"runOnlyForDeploymentPostprocessing": "0"
		},
		"E4B69B4A0A3A1720003C02F2": {
			"children": [
				"191CD6FA2847E21E0085CBB6",
				"E4B6FCAD0C3E899E008CF71C",
				"E4EB6923138AFD0F00A09F29",
				"E4B69E1C0A3A1BDC003C02F2",
				"191EF70929D778A400F35F26",
				"BB4B014C10F69532006C3DED",
				"E4B69B5B0A3A1756003C02F2"
			],
			"isa": "PBXGroup",
			"sourceTree": "<group>"
		},
		"E4B69B4C0A3A1720003C02F2": {
			"attributes": {
				"LastUpgradeCheck": "0600"
			},
			"buildConfigurationList": "E4B69B4D0A3A1720003C02F2",
			"compatibilityVersion": "Xcode 3.2",
			"developmentRegion": "en",
			"hasScannedForEncodings": "0",
			"isa": "PBXProject",
			"knownRegions": [
				"en",
				"Base"
			],
			"mainGroup": "E4B69B4A0A3A1720003C02F2",
			"productRefGroup": "E4B69B4A0A3A1720003C02F2",
			"projectDirPath": "",
			"projectRoot": "",
			"targets": [
				"E4B69B5A0A3A1756003C02F2"
			]
		},
		"E4B69B4D0A3A1720003C02F2": {
			"buildConfigurations": [
				"E4B69B4E0A3A1720003C02F2",
				"E4B69B4F0A3A1720003C02F2"
			],
			"defaultConfigurationIsVisible": "0",
			"defaultConfigurationName": "Release",
			"isa": "XCConfigurationList"
		},
		"E4B69B4E0A3A1720003C02F2": {
			"baseConfigurationReference": "E4EB6923138AFD0F00A09F29",
			"buildSettings": {
				"CODE_SIGN_ENTITLEMENTS": "of.entitlements",
				"COPY_PHASE_STRIP": "NO",
				"ENABLE_TESTABILITY": "YES",
				"GCC_OPTIMIZATION_LEVEL": "0",
				"GCC_WARN_UNUSED_VARIABLE": "NO",
				"HEADER_SEARCH_PATHS": [
					"$(OF_CORE_HEADERS)",
					"src"
				],
				"OTHER_CPLUSPLUSFLAGS": "-D__MACOSX_CORE__"
			},
			"isa": "XCBuildConfiguration",
			"name": "Debug"
		},
		"E4B69B4F0A3A1720003C02F2": {
			"baseConfigurationReference": "E4EB6923138AFD0F00A09F29",
			"buildSettings": {
				"CODE_SIGN_ENTITLEMENTS": "of.entitlements",
				"COPY_PHASE_STRIP": "YES",
				"GCC_OPTIMIZATION_LEVEL": "3",
				"GCC_UNROLL_LOOPS": "YES",
				"HEADER_SEARCH_PATHS": [
					"$(OF_CORE_HEADERS)",
					"src"
				],
				"OTHER_CPLUSPLUSFLAGS": "-D__MACOSX_CORE__"
			},
			"isa": "XCBuildConfiguration",
			"name": "Release"
		},
		"E4B69B580A3A1756003C02F2": {
			"buildActionMask": "2147483647",
			"files": [
				"E4B69E200A3A1BDC003C02F2",
				"E4B69E210A3A1BDC003C02F2",
				"39F78129-D3F6-4029-8973-DE0FAF0AA9B4",
				"9472F4E3-6A06-4780-863B-B6ACF95B6109",
				"26E4ED04-E092-425A-9A62-107AC9A372B6",
				"6FED8AAD-7F01-4888-B1EE-7767AE53B7CA",
				"9BCC6BA2-EF7C-4F38-A85D-BD7AB330235E",
				"FAF2C75F-326C-4CD4-AEFE-C1C466FC52C2",
				"396D2D06-A295-4CA8-A99C-34699D8F88F1",
				"91F594D8-01BE-47CC-A765-7014A89CAD4C"
			],
			"isa": "PBXSourcesBuildPhase",
			"runOnlyForDeploymentPostprocessing": "0"
		},
		"E4B69B590A3A1756003C02F2": {
			"buildActionMask": "2147483647",
			"files": [],
			"isa": "PBXFrameworksBuildPhase",
			"runOnlyForDeploymentPostprocessing": "0"
		},
		"E4B69B5A0A3A1756003C02F2": {
			"buildConfigurationList": "E4B69B5F0A3A1757003C02F2",
			"buildPhases": [
				"E42962A92163ECCD00A6A9E2",
				"E4B69B580A3A1756003C02F2",
				"E4B69B590A3A1756003C02F2",
				"E4C2427710CC5ABF004149E2",
				"E4A5B60F29BAAAE400C2D356",
				"19B789C429E5AB4A0082E9B8"
			],
			"buildRules": [],
			"dependencies": [],
			"isa": "PBXNativeTarget",
			"name": "footage9",
			"productName": "myOFApp",
			"productReference": "E4B69B5B0A3A1756003C02F2",
			"productType": "com.apple.product-type.application"
		},
		"E4B69B5B0A3A1756003C02F2": {
			"explicitFileType": "wrapper.application",
			"includeInIndex": "0",
			"isa": "PBXFileReference",
			"path": "footage9Debug.app",
			"sourceTree": "BUILT_PRODUCTS_DIR"
		},
		"E4B69B5F0A3A1757003C02F2": {
			"buildConfigurations": [
				"E4B69B600A3A1757003C02F2",
				"E4B69B610A3A1757003C02F2"
			],
			"defaultConfigurationIsVisible": "0",
			"defaultConfigurationName": "Release",
			"isa": "XCConfigurationList"
		},
		"E4B69B600A3A1757003C02F2": {
			"baseConfigurationReference": "E4EB6923138AFD0F00A09F29",
			"buildSettings": {
				"ARCHS": "$(ARCHS_STANDARD)",
				"COPY_PHASE_STRIP": "NO",
				"FRAMEWORK_SEARCH_PATHS": "$(inherited)",
				"GCC_DYNAMIC_NO_PIC": "NO",
				"HEADER_SEARCH_PATHS": [
					"$(OF_CORE_HEADERS)",
					"src",
					"src",
					"../../../addons/ofxMaxim/libs",
					"../../../addons/ofxMaxim/src"
				],
				"LIBRARY_SEARCH_PATHS": "$(inherited)",
				"OTHER_LDFLAGS": [
					"$(OF_CORE_LIBS)",
					"$(OF_CORE_FRAMEWORKS)",
					"$(LIB_OF_DEBUG)"
				]
			},
			"isa": "XCBuildConfiguration",
			"name": "Debug"
		},
		"E4B69B610A3A1757003C02F2": {
			"baseConfigurationReference": "E4EB6923138AFD0F00A09F29",
			"buildSettings": {
				"ARCHS": "$(ARCHS_STANDARD)",
				"COPY_PHASE_STRIP": "YES",
				"FRAMEWORK_SEARCH_PATHS": "$(inherited)",
				"HEADER_SEARCH_PATHS": [
					"$(OF_CORE_HEADERS)",
					"src",
					"src",
					"../../../addons/ofxMaxim/libs",
					"../../../addons/ofxMaxim/src"
				],
				"LIBRARY_SEARCH_PATHS": "$(inherited)",
				"OTHER_LDFLAGS": [
					"$(OF_CORE_LIBS)",
					"$(OF_CORE_FRAMEWORKS)",
					"$(LIB_OF)"
				],
				"baseConfigurationReference": "E4EB6923138AFD0F00A09F29"
			},
			"isa": "XCBuildConfiguration",
			"name": "Release"
		},
		"E4B69E1C0A3A1BDC003C02F2": {
			"children": [
				"E4B69E1D0A3A1BDC003C02F2",
				"E4B69E1E0A3A1BDC003C02F2",
				"E4B69E1F0A3A1BDC003C02F2"
			],
			"isa": "PBXGroup",
			"path": "src",
			"sourceTree": "SOURCE_ROOT"
		},
		"E4B69E1D0A3A1BDC003C02F2": {
			"fileEncoding": "4",
			"isa": "PBXFileReference",
			"lastKnownFileType": "sourcecode.cpp.cpp",
			"name": "main.cpp",
			"path": "src/main.cpp",
			"sourceTree": "SOURCE_ROOT"
		},
		"E4B69E1E0A3A1BDC003C02F2": {
			"explicitFileType": "sourcecode.cpp.cpp",
			"fileEncoding": "4",
			"isa": "PBXFileReference",
			"name": "ofApp.cpp",
			"path": "src/ofApp.cpp",
			"sourceTree": "SOURCE_ROOT"
		},
		"E4B69E1F0A3A1BDC003C02F2": {
			"fileEncoding": "4",
			"isa": "PBXFileReference",
			"lastKnownFileType": "sourcecode.c.h",
			"name": "ofApp.h",
			"path": "src/ofApp.h",
			"sourceTree": "SOURCE_ROOT"
		},
		"E4B69E200A3A1BDC003C02F2": {
			"fileRef": "E4B69E1D0A3A1BDC003C02F2",
			"isa": "PBXBuildFile"
		},
		"E4B69E210A3A1BDC003C02F2": {
			"fileRef": "E4B69E1E0A3A1BDC003C02F2",
			"isa": "PBXBuildFile"
		},
		"E4B6FCAD0C3E899E008CF71C": {
			"fileEncoding": "4",
			"isa": "PBXFileReference",
			"lastKnownFileType": "text.plist.xml",
			"path": "openFrameworks-Info.plist",
			"sourceTree": "<group>"
		},
		"E4C2427710CC5ABF004149E2": {
			"buildActionMask": "2147483647",
			"dstPath": "",
			"dstSubfolderSpec": "10",
			"files": [],
			"isa": "PBXCopyFilesBuildPhase",
			"runOnlyForDeploymentPostprocessing": "0"
		},
		"E4EB6923138AFD0F00A09F29": {
			"fileEncoding": "4",
			"isa": "PBXFileReference",
			"lastKnownFileType": "text.xcconfig",
			"path": "Project.xcconfig",
			"sourceTree": "<group>"
		},
		"EB086BBC-C6D7-4379-9390-9D7A857FE7EF": {
			"explicitFileType": "sourcecode.cpp.cpp",
			"fileEncoding": "4",
			"isa": "PBXFileReference",
			"name": "maxiMFCC.cpp",
			"path": "../../../addons/ofxMaxim/libs/maxiMFCC.cpp",
			"sourceTree": "SOURCE_ROOT"
		},
		"EC881B83-1D84-46EF-86B0-B7132DBE8709": {
			"explicitFileType": "sourcecode.c.h",
			"fileEncoding": "4",
			"isa": "PBXFileReference",
			"name": "fft.h",
			"path": "../../../addons/ofxMaxim/libs/fft.h",
			"sourceTree": "SOURCE_ROOT"
		},
		"FAF2C75F-326C-4CD4-AEFE-C1C466FC52C2": {
			"fileRef": "EB086BBC-C6D7-4379-9390-9D7A857FE7EF",
			"isa": "PBXBuildFile"
		}
	},
	"openFrameworksProjectGeneratorVersion": "21",
	"rootObject": "E4B69B4C0A3A1720003C02F2"
}